
Microsoft Visual Studio Solution File, Format Version 12.00
# Visual Studio 15
VisualStudioVersion = 15.0.27130.2026
MinimumVisualStudioVersion = 10.0.40219.1
Project("{FAE04EC0-301F-11D3-BF4B-00C04F79EFBC}") = "Toolbox", "Toolbox\Toolbox.csproj", "{BAF84548-EA95-4D6E-A8F4-57B0AA96FCF0}"
EndProject
Project("{FAE04EC0-301F-11D3-BF4B-00C04F79EFBC}") = "TaskDialog", "TaskDialog\TaskDialog.csproj", "{37FD53F7-8A8F-4427-8FF4-6299E2933A7E}"
EndProject
Project("{2150E333-8FDC-42A3-9474-1A3956D46DE8}") = "Solution Items", "Solution Items", "{3C139416-4492-4BD7-884B-51B3DB1E13F7}"
	ProjectSection(SolutionItems) = preProject
		NuGet.Config = NuGet.Config
	EndProjectSection
EndProject
Project("{9A19103F-16F7-4668-BE54-9A1E7A4F7556}") = "CircuitDiagram.Render", "CircuitDiagram.Render\CircuitDiagram.Render.csproj", "{DEF7BF2B-3F45-4406-93DB-F990102B0993}"
EndProject
Project("{9A19103F-16F7-4668-BE54-9A1E7A4F7556}") = "CircuitDiagram.CLI", "CircuitDiagram.CLI\CircuitDiagram.CLI.csproj", "{7B4227A1-26D5-4445-8339-95DA25931EAF}"
EndProject
Project("{9A19103F-16F7-4668-BE54-9A1E7A4F7556}") = "CircuitDiagram.TypeDescriptionIO", "CircuitDiagram.TypeDescriptionIO\CircuitDiagram.TypeDescriptionIO.csproj", "{11490E64-2070-4644-9E65-DD0CD8913EF9}"
EndProject
Project("{9A19103F-16F7-4668-BE54-9A1E7A4F7556}") = "CircuitDiagramCore", "CircuitDiagramCore\CircuitDiagramCore.csproj", "{03A4001D-947E-48E5-A5F4-732835BE95B7}"
EndProject
Project("{9A19103F-16F7-4668-BE54-9A1E7A4F7556}") = "CircuitDiagram.Compiler", "CircuitDiagram.Compiler\CircuitDiagram.Compiler.csproj", "{9D32B6AE-46C1-4C85-9A33-43E99DBEAB20}"
EndProject
Project("{9A19103F-16F7-4668-BE54-9A1E7A4F7556}") = "CircuitDiagram.Compiler.Test", "CircuitDiagram.Compiler.Test\CircuitDiagram.Compiler.Test.csproj", "{0D17E8DA-72AB-42EB-B066-4DE71C45FC24}"
EndProject
Project("{9A19103F-16F7-4668-BE54-9A1E7A4F7556}") = "CircuitDiagram.Document", "CircuitDiagram.Document\CircuitDiagram.Document.csproj", "{E7EF12B2-7A86-43D1-90D0-714EC0643CC3}"
EndProject
Project("{9A19103F-16F7-4668-BE54-9A1E7A4F7556}") = "CircuitDiagram.Document.Test", "CircuitDiagram.Document.Test\CircuitDiagram.Document.Test.csproj", "{0ED886FC-B337-4040-925B-D70C22AA9329}"
EndProject
Project("{9A19103F-16F7-4668-BE54-9A1E7A4F7556}") = "CircuitDiagram.Render.Test", "CircuitDiagram.Render.Test\CircuitDiagram.Render.Test.csproj", "{F7077AC0-9C00-4CFC-98E4-7A51FA2B91B1}"
EndProject
Project("{9A19103F-16F7-4668-BE54-9A1E7A4F7556}") = "CircuitDiagramCore.Test", "CircuitDiagramCore.Test\CircuitDiagramCore.Test.csproj", "{2BB1AA12-F247-4754-885E-7F4867E56666}"
EndProject
Project("{FAE04EC0-301F-11D3-BF4B-00C04F79EFBC}") = "CircuitDiagram.Render.Skia", "CircuitDiagram.Render.Skia\CircuitDiagram.Render.Skia.csproj", "{D81CED39-466E-4149-BCE3-0A5877ED17D0}"
EndProject
Global
	GlobalSection(SolutionConfigurationPlatforms) = preSolution
		Debug|Any CPU = Debug|Any CPU
		Portable|Any CPU = Portable|Any CPU
		Release|Any CPU = Release|Any CPU
	EndGlobalSection
	GlobalSection(ProjectConfigurationPlatforms) = postSolution
		{BAF84548-EA95-4D6E-A8F4-57B0AA96FCF0}.Debug|Any CPU.ActiveCfg = Debug|Any CPU
		{BAF84548-EA95-4D6E-A8F4-57B0AA96FCF0}.Debug|Any CPU.Build.0 = Debug|Any CPU
		{BAF84548-EA95-4D6E-A8F4-57B0AA96FCF0}.Portable|Any CPU.ActiveCfg = Release|Any CPU
		{BAF84548-EA95-4D6E-A8F4-57B0AA96FCF0}.Portable|Any CPU.Build.0 = Release|Any CPU
		{BAF84548-EA95-4D6E-A8F4-57B0AA96FCF0}.Release|Any CPU.ActiveCfg = Release|Any CPU
		{BAF84548-EA95-4D6E-A8F4-57B0AA96FCF0}.Release|Any CPU.Build.0 = Release|Any CPU
		{37FD53F7-8A8F-4427-8FF4-6299E2933A7E}.Debug|Any CPU.ActiveCfg = Debug|Any CPU
		{37FD53F7-8A8F-4427-8FF4-6299E2933A7E}.Debug|Any CPU.Build.0 = Debug|Any CPU
		{37FD53F7-8A8F-4427-8FF4-6299E2933A7E}.Portable|Any CPU.ActiveCfg = Release|Any CPU
		{37FD53F7-8A8F-4427-8FF4-6299E2933A7E}.Portable|Any CPU.Build.0 = Release|Any CPU
		{37FD53F7-8A8F-4427-8FF4-6299E2933A7E}.Release|Any CPU.ActiveCfg = Release|Any CPU
		{37FD53F7-8A8F-4427-8FF4-6299E2933A7E}.Release|Any CPU.Build.0 = Release|Any CPU
		{DEF7BF2B-3F45-4406-93DB-F990102B0993}.Debug|Any CPU.ActiveCfg = Debug|Any CPU
		{DEF7BF2B-3F45-4406-93DB-F990102B0993}.Debug|Any CPU.Build.0 = Debug|Any CPU
		{DEF7BF2B-3F45-4406-93DB-F990102B0993}.Portable|Any CPU.ActiveCfg = Debug|Any CPU
		{DEF7BF2B-3F45-4406-93DB-F990102B0993}.Portable|Any CPU.Build.0 = Debug|Any CPU
		{DEF7BF2B-3F45-4406-93DB-F990102B0993}.Release|Any CPU.ActiveCfg = Release|Any CPU
		{DEF7BF2B-3F45-4406-93DB-F990102B0993}.Release|Any CPU.Build.0 = Release|Any CPU
		{7B4227A1-26D5-4445-8339-95DA25931EAF}.Debug|Any CPU.ActiveCfg = Debug|Any CPU
		{7B4227A1-26D5-4445-8339-95DA25931EAF}.Debug|Any CPU.Build.0 = Debug|Any CPU
		{7B4227A1-26D5-4445-8339-95DA25931EAF}.Portable|Any CPU.ActiveCfg = Debug|Any CPU
		{7B4227A1-26D5-4445-8339-95DA25931EAF}.Portable|Any CPU.Build.0 = Debug|Any CPU
		{7B4227A1-26D5-4445-8339-95DA25931EAF}.Release|Any CPU.ActiveCfg = Release|Any CPU
		{7B4227A1-26D5-4445-8339-95DA25931EAF}.Release|Any CPU.Build.0 = Release|Any CPU
		{11490E64-2070-4644-9E65-DD0CD8913EF9}.Debug|Any CPU.ActiveCfg = Debug|Any CPU
		{11490E64-2070-4644-9E65-DD0CD8913EF9}.Debug|Any CPU.Build.0 = Debug|Any CPU
		{11490E64-2070-4644-9E65-DD0CD8913EF9}.Portable|Any CPU.ActiveCfg = Debug|Any CPU
		{11490E64-2070-4644-9E65-DD0CD8913EF9}.Portable|Any CPU.Build.0 = Debug|Any CPU
		{11490E64-2070-4644-9E65-DD0CD8913EF9}.Release|Any CPU.ActiveCfg = Release|Any CPU
		{11490E64-2070-4644-9E65-DD0CD8913EF9}.Release|Any CPU.Build.0 = Release|Any CPU
		{03A4001D-947E-48E5-A5F4-732835BE95B7}.Debug|Any CPU.ActiveCfg = Debug|Any CPU
		{03A4001D-947E-48E5-A5F4-732835BE95B7}.Debug|Any CPU.Build.0 = Debug|Any CPU
		{03A4001D-947E-48E5-A5F4-732835BE95B7}.Portable|Any CPU.ActiveCfg = Debug|Any CPU
		{03A4001D-947E-48E5-A5F4-732835BE95B7}.Portable|Any CPU.Build.0 = Debug|Any CPU
		{03A4001D-947E-48E5-A5F4-732835BE95B7}.Release|Any CPU.ActiveCfg = Release|Any CPU
		{03A4001D-947E-48E5-A5F4-732835BE95B7}.Release|Any CPU.Build.0 = Release|Any CPU
		{9D32B6AE-46C1-4C85-9A33-43E99DBEAB20}.Debug|Any CPU.ActiveCfg = Debug|Any CPU
		{9D32B6AE-46C1-4C85-9A33-43E99DBEAB20}.Debug|Any CPU.Build.0 = Debug|Any CPU
		{9D32B6AE-46C1-4C85-9A33-43E99DBEAB20}.Portable|Any CPU.ActiveCfg = Debug|Any CPU
		{9D32B6AE-46C1-4C85-9A33-43E99DBEAB20}.Portable|Any CPU.Build.0 = Debug|Any CPU
		{9D32B6AE-46C1-4C85-9A33-43E99DBEAB20}.Release|Any CPU.ActiveCfg = Release|Any CPU
		{9D32B6AE-46C1-4C85-9A33-43E99DBEAB20}.Release|Any CPU.Build.0 = Release|Any CPU
		{0D17E8DA-72AB-42EB-B066-4DE71C45FC24}.Debug|Any CPU.ActiveCfg = Debug|Any CPU
		{0D17E8DA-72AB-42EB-B066-4DE71C45FC24}.Debug|Any CPU.Build.0 = Debug|Any CPU
		{0D17E8DA-72AB-42EB-B066-4DE71C45FC24}.Portable|Any CPU.ActiveCfg = Debug|Any CPU
		{0D17E8DA-72AB-42EB-B066-4DE71C45FC24}.Portable|Any CPU.Build.0 = Debug|Any CPU
		{0D17E8DA-72AB-42EB-B066-4DE71C45FC24}.Release|Any CPU.ActiveCfg = Release|Any CPU
		{0D17E8DA-72AB-42EB-B066-4DE71C45FC24}.Release|Any CPU.Build.0 = Release|Any CPU
		{E7EF12B2-7A86-43D1-90D0-714EC0643CC3}.Debug|Any CPU.ActiveCfg = Debug|Any CPU
		{E7EF12B2-7A86-43D1-90D0-714EC0643CC3}.Debug|Any CPU.Build.0 = Debug|Any CPU
		{E7EF12B2-7A86-43D1-90D0-714EC0643CC3}.Portable|Any CPU.ActiveCfg = Debug|Any CPU
		{E7EF12B2-7A86-43D1-90D0-714EC0643CC3}.Portable|Any CPU.Build.0 = Debug|Any CPU
		{E7EF12B2-7A86-43D1-90D0-714EC0643CC3}.Release|Any CPU.ActiveCfg = Release|Any CPU
		{E7EF12B2-7A86-43D1-90D0-714EC0643CC3}.Release|Any CPU.Build.0 = Release|Any CPU
		{0ED886FC-B337-4040-925B-D70C22AA9329}.Debug|Any CPU.ActiveCfg = Debug|Any CPU
		{0ED886FC-B337-4040-925B-D70C22AA9329}.Debug|Any CPU.Build.0 = Debug|Any CPU
		{0ED886FC-B337-4040-925B-D70C22AA9329}.Portable|Any CPU.ActiveCfg = Debug|Any CPU
		{0ED886FC-B337-4040-925B-D70C22AA9329}.Portable|Any CPU.Build.0 = Debug|Any CPU
		{0ED886FC-B337-4040-925B-D70C22AA9329}.Release|Any CPU.ActiveCfg = Release|Any CPU
		{0ED886FC-B337-4040-925B-D70C22AA9329}.Release|Any CPU.Build.0 = Release|Any CPU
		{F7077AC0-9C00-4CFC-98E4-7A51FA2B91B1}.Debug|Any CPU.ActiveCfg = Debug|Any CPU
		{F7077AC0-9C00-4CFC-98E4-7A51FA2B91B1}.Debug|Any CPU.Build.0 = Debug|Any CPU
		{F7077AC0-9C00-4CFC-98E4-7A51FA2B91B1}.Portable|Any CPU.ActiveCfg = Debug|Any CPU
		{F7077AC0-9C00-4CFC-98E4-7A51FA2B91B1}.Portable|Any CPU.Build.0 = Debug|Any CPU
		{F7077AC0-9C00-4CFC-98E4-7A51FA2B91B1}.Release|Any CPU.ActiveCfg = Release|Any CPU
		{F7077AC0-9C00-4CFC-98E4-7A51FA2B91B1}.Release|Any CPU.Build.0 = Release|Any CPU
		{2BB1AA12-F247-4754-885E-7F4867E56666}.Debug|Any CPU.ActiveCfg = Debug|Any CPU
		{2BB1AA12-F247-4754-885E-7F4867E56666}.Debug|Any CPU.Build.0 = Debug|Any CPU
		{2BB1AA12-F247-4754-885E-7F4867E56666}.Portable|Any CPU.ActiveCfg = Debug|Any CPU
		{2BB1AA12-F247-4754-885E-7F4867E56666}.Portable|Any CPU.Build.0 = Debug|Any CPU
		{2BB1AA12-F247-4754-885E-7F4867E56666}.Release|Any CPU.ActiveCfg = Release|Any CPU
		{2BB1AA12-F247-4754-885E-7F4867E56666}.Release|Any CPU.Build.0 = Release|Any CPU
		{D81CED39-466E-4149-BCE3-0A5877ED17D0}.Debug|Any CPU.ActiveCfg = Debug|Any CPU
		{D81CED39-466E-4149-BCE3-0A5877ED17D0}.Debug|Any CPU.Build.0 = Debug|Any CPU
		{D81CED39-466E-4149-BCE3-0A5877ED17D0}.Portable|Any CPU.ActiveCfg = Debug|Any CPU
		{D81CED39-466E-4149-BCE3-0A5877ED17D0}.Portable|Any CPU.Build.0 = Debug|Any CPU
		{D81CED39-466E-4149-BCE3-0A5877ED17D0}.Release|Any CPU.ActiveCfg = Release|Any CPU
		{D81CED39-466E-4149-BCE3-0A5877ED17D0}.Release|Any CPU.Build.0 = Release|Any CPU
	EndGlobalSection
	GlobalSection(SolutionProperties) = preSolution
		HideSolutionNode = FALSE
	EndGlobalSection
	GlobalSection(ExtensibilityGlobals) = postSolution
		SolutionGuid = {D20C4A3C-E51E-4AC6-88A6-CC58CB30E65A}
	EndGlobalSection
EndGlobal
