
Microsoft Visual Studio Solution File, Format Version 12.00
# Visual Studio 2012
Project("{FAE04EC0-301F-11D3-BF4B-00C04F79EFBC}") = "cdlibrary", "cdlibrary\cdlibrary.csproj", "{D5FD5F79-6BCE-40FB-B556-209758C612EC}"
EndProject
Project("{FAE04EC0-301F-11D3-BF4B-00C04F79EFBC}") = "ComponentCompiler", "ComponentCompiler\ComponentCompiler.csproj", "{8119D219-D756-4B4E-B8A0-70209190D441}"
EndProject
Project("{FAE04EC0-301F-11D3-BF4B-00C04F79EFBC}") = "ComponentCompilerUI", "ComponentCompilerUI\ComponentCompilerUI.csproj", "{5C4AE2F0-2391-47B8-B551-AA55ED90BE4F}"
EndProject
Project("{FAE04EC0-301F-11D3-BF4B-00C04F79EFBC}") = "CircuitDiagram", "CircuitDiagram\CircuitDiagram.csproj", "{C01CD61A-6DB0-460A-AC1C-1B96A9038AF6}"
EndProject
Project("{FAE04EC0-301F-11D3-BF4B-00C04F79EFBC}") = "CircuitDiagramCore", "CircuitDiagramCore\CircuitDiagramCore.csproj", "{445A46BE-19F9-4E30-B476-1D539B024E69}"
EndProject
Global
	GlobalSection(SolutionConfigurationPlatforms) = preSolution
		Debug|Any CPU = Debug|Any CPU
		Portable|Any CPU = Portable|Any CPU
		Release|Any CPU = Release|Any CPU
	EndGlobalSection
	GlobalSection(ProjectConfigurationPlatforms) = postSolution
		{D5FD5F79-6BCE-40FB-B556-209758C612EC}.Debug|Any CPU.ActiveCfg = Debug|Any CPU
		{D5FD5F79-6BCE-40FB-B556-209758C612EC}.Debug|Any CPU.Build.0 = Debug|Any CPU
		{D5FD5F79-6BCE-40FB-B556-209758C612EC}.Portable|Any CPU.ActiveCfg = Release|Any CPU
		{D5FD5F79-6BCE-40FB-B556-209758C612EC}.Portable|Any CPU.Build.0 = Release|Any CPU
		{D5FD5F79-6BCE-40FB-B556-209758C612EC}.Release|Any CPU.ActiveCfg = Release|Any CPU
		{D5FD5F79-6BCE-40FB-B556-209758C612EC}.Release|Any CPU.Build.0 = Release|Any CPU
		{8119D219-D756-4B4E-B8A0-70209190D441}.Debug|Any CPU.ActiveCfg = Debug|Any CPU
		{8119D219-D756-4B4E-B8A0-70209190D441}.Debug|Any CPU.Build.0 = Debug|Any CPU
		{8119D219-D756-4B4E-B8A0-70209190D441}.Portable|Any CPU.ActiveCfg = Release|Any CPU
		{8119D219-D756-4B4E-B8A0-70209190D441}.Release|Any CPU.ActiveCfg = Release|Any CPU
		{8119D219-D756-4B4E-B8A0-70209190D441}.Release|Any CPU.Build.0 = Release|Any CPU
		{5C4AE2F0-2391-47B8-B551-AA55ED90BE4F}.Debug|Any CPU.ActiveCfg = Debug|Any CPU
		{5C4AE2F0-2391-47B8-B551-AA55ED90BE4F}.Debug|Any CPU.Build.0 = Debug|Any CPU
		{5C4AE2F0-2391-47B8-B551-AA55ED90BE4F}.Portable|Any CPU.ActiveCfg = Release|Any CPU
		{5C4AE2F0-2391-47B8-B551-AA55ED90BE4F}.Release|Any CPU.ActiveCfg = Release|Any CPU
		{5C4AE2F0-2391-47B8-B551-AA55ED90BE4F}.Release|Any CPU.Build.0 = Release|Any CPU
		{C01CD61A-6DB0-460A-AC1C-1B96A9038AF6}.Debug|Any CPU.ActiveCfg = Debug|Any CPU
		{C01CD61A-6DB0-460A-AC1C-1B96A9038AF6}.Debug|Any CPU.Build.0 = Debug|Any CPU
		{C01CD61A-6DB0-460A-AC1C-1B96A9038AF6}.Portable|Any CPU.ActiveCfg = Portable|Any CPU
		{C01CD61A-6DB0-460A-AC1C-1B96A9038AF6}.Portable|Any CPU.Build.0 = Portable|Any CPU
		{C01CD61A-6DB0-460A-AC1C-1B96A9038AF6}.Release|Any CPU.ActiveCfg = Release|Any CPU
		{C01CD61A-6DB0-460A-AC1C-1B96A9038AF6}.Release|Any CPU.Build.0 = Release|Any CPU
		{445A46BE-19F9-4E30-B476-1D539B024E69}.Debug|Any CPU.ActiveCfg = Debug|Any CPU
		{445A46BE-19F9-4E30-B476-1D539B024E69}.Debug|Any CPU.Build.0 = Debug|Any CPU
		{445A46BE-19F9-4E30-B476-1D539B024E69}.Portable|Any CPU.ActiveCfg = Release|Any CPU
		{445A46BE-19F9-4E30-B476-1D539B024E69}.Portable|Any CPU.Build.0 = Release|Any CPU
		{445A46BE-19F9-4E30-B476-1D539B024E69}.Release|Any CPU.ActiveCfg = Release|Any CPU
		{445A46BE-19F9-4E30-B476-1D539B024E69}.Release|Any CPU.Build.0 = Release|Any CPU
	EndGlobalSection
	GlobalSection(SolutionProperties) = preSolution
		HideSolutionNode = FALSE
	EndGlobalSection
EndGlobal
